// !$*UTF8*$!
{
	archiveVersion = 1;
	classes = {
	};
	objectVersion = 48;
	objects = {

/* Begin PBXBuildFile section */
		2F78804F1F8631F00003B898 /* Object.swift in Sources */ = {isa = PBXBuildFile; fileRef = 2F78804E1F8631F00003B898 /* Object.swift */; };
		2F7880511F8635530003B898 /* main.scn in Resources */ = {isa = PBXBuildFile; fileRef = 2F7880501F8635530003B898 /* main.scn */; };
		2F7880541F8676590003B898 /* Info.plist in Resources */ = {isa = PBXBuildFile; fileRef = 2F82DE0B1F860B800023A8DE /* Info.plist */; };
		2F7880561F867B4D0003B898 /* .gitignore in Resources */ = {isa = PBXBuildFile; fileRef = 2F7880551F867B4D0003B898 /* .gitignore */; };
		2F82DDFE1F860B7F0023A8DE /* AppDelegate.swift in Sources */ = {isa = PBXBuildFile; fileRef = 2F82DDFD1F860B7F0023A8DE /* AppDelegate.swift */; };
		2F82DE001F860B7F0023A8DE /* art.scnassets in Resources */ = {isa = PBXBuildFile; fileRef = 2F82DDFF1F860B7F0023A8DE /* art.scnassets */; };
		2F82DE021F860B7F0023A8DE /* ARPlacerVC.swift in Sources */ = {isa = PBXBuildFile; fileRef = 2F82DE011F860B7F0023A8DE /* ARPlacerVC.swift */; };
		2F82DE051F860B800023A8DE /* Main.storyboard in Resources */ = {isa = PBXBuildFile; fileRef = 2F82DE031F860B800023A8DE /* Main.storyboard */; };
		2F82DE071F860B800023A8DE /* Assets.xcassets in Resources */ = {isa = PBXBuildFile; fileRef = 2F82DE061F860B800023A8DE /* Assets.xcassets */; };
		2F82DE0A1F860B800023A8DE /* LaunchScreen.storyboard in Resources */ = {isa = PBXBuildFile; fileRef = 2F82DE081F860B800023A8DE /* LaunchScreen.storyboard */; };
		2FE5B5241F86178700E03F76 /* ARPickerVC.swift in Sources */ = {isa = PBXBuildFile; fileRef = 2FE5B5231F86178700E03F76 /* ARPickerVC.swift */; };
/* End PBXBuildFile section */

/* Begin PBXFileReference section */
		2F78804E1F8631F00003B898 /* Object.swift */ = {isa = PBXFileReference; lastKnownFileType = sourcecode.swift; path = Object.swift; sourceTree = "<group>"; };
		2F7880501F8635530003B898 /* main.scn */ = {isa = PBXFileReference; lastKnownFileType = file.bplist; name = main.scn; path = art.scnassets/main.scn; sourceTree = "<group>"; };
		2F7880551F867B4D0003B898 /* .gitignore */ = {isa = PBXFileReference; lastKnownFileType = text; path = .gitignore; sourceTree = "<group>"; };
		2F82DDFA1F860B7F0023A8DE /* AR Touch.app */ = {isa = PBXFileReference; explicitFileType = wrapper.application; includeInIndex = 0; path = "AR Touch.app"; sourceTree = BUILT_PRODUCTS_DIR; };
		2F82DDFD1F860B7F0023A8DE /* AppDelegate.swift */ = {isa = PBXFileReference; lastKnownFileType = sourcecode.swift; path = AppDelegate.swift; sourceTree = "<group>"; };
		2F82DDFF1F860B7F0023A8DE /* art.scnassets */ = {isa = PBXFileReference; lastKnownFileType = wrapper.scnassets; path = art.scnassets; sourceTree = "<group>"; };
		2F82DE011F860B7F0023A8DE /* ARPlacerVC.swift */ = {isa = PBXFileReference; lastKnownFileType = sourcecode.swift; path = ARPlacerVC.swift; sourceTree = "<group>"; };
		2F82DE041F860B800023A8DE /* Base */ = {isa = PBXFileReference; lastKnownFileType = file.storyboard; name = Base; path = Base.lproj/Main.storyboard; sourceTree = "<group>"; };
		2F82DE061F860B800023A8DE /* Assets.xcassets */ = {isa = PBXFileReference; lastKnownFileType = folder.assetcatalog; path = Assets.xcassets; sourceTree = "<group>"; };
		2F82DE091F860B800023A8DE /* Base */ = {isa = PBXFileReference; lastKnownFileType = file.storyboard; name = Base; path = Base.lproj/LaunchScreen.storyboard; sourceTree = "<group>"; };
		2F82DE0B1F860B800023A8DE /* Info.plist */ = {isa = PBXFileReference; lastKnownFileType = text.plist.xml; path = Info.plist; sourceTree = "<group>"; };
		2FE5B5231F86178700E03F76 /* ARPickerVC.swift */ = {isa = PBXFileReference; lastKnownFileType = sourcecode.swift; path = ARPickerVC.swift; sourceTree = "<group>"; };
/* End PBXFileReference section */

/* Begin PBXFrameworksBuildPhase section */
		2F82DDF71F860B7F0023A8DE /* Frameworks */ = {
			isa = PBXFrameworksBuildPhase;
			buildActionMask = 2147483647;
			files = (
			);
			runOnlyForDeploymentPostprocessing = 0;
		};
/* End PBXFrameworksBuildPhase section */

/* Begin PBXGroup section */
		2F78804D1F8631CD0003B898 /* Model */ = {
			isa = PBXGroup;
			children = (
				2F78804E1F8631F00003B898 /* Object.swift */,
			);
			path = Model;
			sourceTree = "<group>";
		};
		2F7B35BF1F860F4000642718 /* Controller */ = {
			isa = PBXGroup;
			children = (
				2F82DE011F860B7F0023A8DE /* ARPlacerVC.swift */,
				2FE5B5231F86178700E03F76 /* ARPickerVC.swift */,
			);
			path = Controller;
			sourceTree = "<group>";
		};
		2F82DDF11F860B7F0023A8DE = {
			isa = PBXGroup;
			children = (
				2F7880551F867B4D0003B898 /* .gitignore */,
				2F82DDFC1F860B7F0023A8DE /* AR Touch */,
				2F82DDFB1F860B7F0023A8DE /* Products */,
			);
			sourceTree = "<group>";
		};
		2F82DDFB1F860B7F0023A8DE /* Products */ = {
			isa = PBXGroup;
			children = (
				2F82DDFA1F860B7F0023A8DE /* AR Touch.app */,
			);
			name = Products;
			sourceTree = "<group>";
		};
		2F82DDFC1F860B7F0023A8DE /* AR Touch */ = {
			isa = PBXGroup;
			children = (
				2F78804D1F8631CD0003B898 /* Model */,
				2F7B35BF1F860F4000642718 /* Controller */,
				2F82DDFD1F860B7F0023A8DE /* AppDelegate.swift */,
				2F82DDFF1F860B7F0023A8DE /* art.scnassets */,
				2F82DE031F860B800023A8DE /* Main.storyboard */,
				2F82DE061F860B800023A8DE /* Assets.xcassets */,
				2F82DE081F860B800023A8DE /* LaunchScreen.storyboard */,
				2F82DE0B1F860B800023A8DE /* Info.plist */,
				2F7880501F8635530003B898 /* main.scn */,
			);
			path = "AR Touch";
			sourceTree = "<group>";
		};
/* End PBXGroup section */

/* Begin PBXNativeTarget section */
		2F82DDF91F860B7F0023A8DE /* AR Touch */ = {
			isa = PBXNativeTarget;
			buildConfigurationList = 2F82DE0E1F860B800023A8DE /* Build configuration list for PBXNativeTarget "AR Touch" */;
			buildPhases = (
				2F82DDF61F860B7F0023A8DE /* Sources */,
				2F82DDF71F860B7F0023A8DE /* Frameworks */,
				2F82DDF81F860B7F0023A8DE /* Resources */,
			);
			buildRules = (
			);
			dependencies = (
			);
			name = "AR Touch";
			productName = "AR Ramp Up";
			productReference = 2F82DDFA1F860B7F0023A8DE /* AR Touch.app */;
			productType = "com.apple.product-type.application";
		};
/* End PBXNativeTarget section */

/* Begin PBXProject section */
		2F82DDF21F860B7F0023A8DE /* Project object */ = {
			isa = PBXProject;
			attributes = {
				LastSwiftUpdateCheck = 0900;
				LastUpgradeCheck = 0900;
				ORGANIZATIONNAME = "Michel Kansou";
				TargetAttributes = {
					2F82DDF91F860B7F0023A8DE = {
						CreatedOnToolsVersion = 9.0;
						ProvisioningStyle = Automatic;
					};
				};
			};
			buildConfigurationList = 2F82DDF51F860B7F0023A8DE /* Build configuration list for PBXProject "AR Touch" */;
			compatibilityVersion = "Xcode 8.0";
			developmentRegion = en;
			hasScannedForEncodings = 0;
			knownRegions = (
				en,
				Base,
			);
			mainGroup = 2F82DDF11F860B7F0023A8DE;
			productRefGroup = 2F82DDFB1F860B7F0023A8DE /* Products */;
			projectDirPath = "";
			projectRoot = "";
			targets = (
				2F82DDF91F860B7F0023A8DE /* AR Touch */,
			);
		};
/* End PBXProject section */

/* Begin PBXResourcesBuildPhase section */
		2F82DDF81F860B7F0023A8DE /* Resources */ = {
			isa = PBXResourcesBuildPhase;
			buildActionMask = 2147483647;
			files = (
				2F82DE001F860B7F0023A8DE /* art.scnassets in Resources */,
				2F7880561F867B4D0003B898 /* .gitignore in Resources */,
				2F82DE0A1F860B800023A8DE /* LaunchScreen.storyboard in Resources */,
				2F7880541F8676590003B898 /* Info.plist in Resources */,
				2F82DE071F860B800023A8DE /* Assets.xcassets in Resources */,
				2F82DE051F860B800023A8DE /* Main.storyboard in Resources */,
				2F7880511F8635530003B898 /* main.scn in Resources */,
			);
			runOnlyForDeploymentPostprocessing = 0;
		};
/* End PBXResourcesBuildPhase section */

/* Begin PBXSourcesBuildPhase section */
		2F82DDF61F860B7F0023A8DE /* Sources */ = {
			isa = PBXSourcesBuildPhase;
			buildActionMask = 2147483647;
			files = (
				2F82DE021F860B7F0023A8DE /* ARPlacerVC.swift in Sources */,
				2F78804F1F8631F00003B898 /* Object.swift in Sources */,
				2FE5B5241F86178700E03F76 /* ARPickerVC.swift in Sources */,
				2F82DDFE1F860B7F0023A8DE /* AppDelegate.swift in Sources */,
			);
			runOnlyForDeploymentPostprocessing = 0;
		};
/* End PBXSourcesBuildPhase section */

/* Begin PBXVariantGroup section */
		2F82DE031F860B800023A8DE /* Main.storyboard */ = {
			isa = PBXVariantGroup;
			children = (
				2F82DE041F860B800023A8DE /* Base */,
			);
			name = Main.storyboard;
			sourceTree = "<group>";
		};
		2F82DE081F860B800023A8DE /* LaunchScreen.storyboard */ = {
			isa = PBXVariantGroup;
			children = (
				2F82DE091F860B800023A8DE /* Base */,
			);
			name = LaunchScreen.storyboard;
			sourceTree = "<group>";
		};
/* End PBXVariantGroup section */

/* Begin XCBuildConfiguration section */
		2F82DE0C1F860B800023A8DE /* Debug */ = {
			isa = XCBuildConfiguration;
			buildSettings = {
				ALWAYS_SEARCH_USER_PATHS = NO;
				CLANG_ANALYZER_NONNULL = YES;
				CLANG_ANALYZER_NUMBER_OBJECT_CONVERSION = YES_AGGRESSIVE;
				CLANG_CXX_LANGUAGE_STANDARD = "gnu++14";
				CLANG_CXX_LIBRARY = "libc++";
				CLANG_ENABLE_MODULES = YES;
				CLANG_ENABLE_OBJC_ARC = YES;
				CLANG_WARN_BLOCK_CAPTURE_AUTORELEASING = YES;
				CLANG_WARN_BOOL_CONVERSION = YES;
				CLANG_WARN_COMMA = YES;
				CLANG_WARN_CONSTANT_CONVERSION = YES;
				CLANG_WARN_DIRECT_OBJC_ISA_USAGE = YES_ERROR;
				CLANG_WARN_DOCUMENTATION_COMMENTS = YES;
				CLANG_WARN_EMPTY_BODY = YES;
				CLANG_WARN_ENUM_CONVERSION = YES;
				CLANG_WARN_INFINITE_RECURSION = YES;
				CLANG_WARN_INT_CONVERSION = YES;
				CLANG_WARN_NON_LITERAL_NULL_CONVERSION = YES;
				CLANG_WARN_OBJC_LITERAL_CONVERSION = YES;
				CLANG_WARN_OBJC_ROOT_CLASS = YES_ERROR;
				CLANG_WARN_RANGE_LOOP_ANALYSIS = YES;
				CLANG_WARN_STRICT_PROTOTYPES = YES;
				CLANG_WARN_SUSPICIOUS_MOVE = YES;
				CLANG_WARN_UNGUARDED_AVAILABILITY = YES_AGGRESSIVE;
				CLANG_WARN_UNREACHABLE_CODE = YES;
				CLANG_WARN__DUPLICATE_METHOD_MATCH = YES;
				CODE_SIGN_IDENTITY = "iPhone Developer";
				COPY_PHASE_STRIP = NO;
				DEBUG_INFORMATION_FORMAT = dwarf;
				ENABLE_STRICT_OBJC_MSGSEND = YES;
				ENABLE_TESTABILITY = YES;
				GCC_C_LANGUAGE_STANDARD = gnu11;
				GCC_DYNAMIC_NO_PIC = NO;
				GCC_NO_COMMON_BLOCKS = YES;
				GCC_OPTIMIZATION_LEVEL = 0;
				GCC_PREPROCESSOR_DEFINITIONS = (
					"DEBUG=1",
					"$(inherited)",
				);
				GCC_WARN_64_TO_32_BIT_CONVERSION = YES;
				GCC_WARN_ABOUT_RETURN_TYPE = YES_ERROR;
				GCC_WARN_UNDECLARED_SELECTOR = YES;
				GCC_WARN_UNINITIALIZED_AUTOS = YES_AGGRESSIVE;
				GCC_WARN_UNUSED_FUNCTION = YES;
				GCC_WARN_UNUSED_VARIABLE = YES;
				IPHONEOS_DEPLOYMENT_TARGET = 11.0;
				MTL_ENABLE_DEBUG_INFO = YES;
				ONLY_ACTIVE_ARCH = YES;
				SDKROOT = iphoneos;
				SWIFT_ACTIVE_COMPILATION_CONDITIONS = DEBUG;
				SWIFT_OPTIMIZATION_LEVEL = "-Onone";
			};
			name = Debug;
		};
		2F82DE0D1F860B800023A8DE /* Release */ = {
			isa = XCBuildConfiguration;
			buildSettings = {
				ALWAYS_SEARCH_USER_PATHS = NO;
				CLANG_ANALYZER_NONNULL = YES;
				CLANG_ANALYZER_NUMBER_OBJECT_CONVERSION = YES_AGGRESSIVE;
				CLANG_CXX_LANGUAGE_STANDARD = "gnu++14";
				CLANG_CXX_LIBRARY = "libc++";
				CLANG_ENABLE_MODULES = YES;
				CLANG_ENABLE_OBJC_ARC = YES;
				CLANG_WARN_BLOCK_CAPTURE_AUTORELEASING = YES;
				CLANG_WARN_BOOL_CONVERSION = YES;
				CLANG_WARN_COMMA = YES;
				CLANG_WARN_CONSTANT_CONVERSION = YES;
				CLANG_WARN_DIRECT_OBJC_ISA_USAGE = YES_ERROR;
				CLANG_WARN_DOCUMENTATION_COMMENTS = YES;
				CLANG_WARN_EMPTY_BODY = YES;
				CLANG_WARN_ENUM_CONVERSION = YES;
				CLANG_WARN_INFINITE_RECURSION = YES;
				CLANG_WARN_INT_CONVERSION = YES;
				CLANG_WARN_NON_LITERAL_NULL_CONVERSION = YES;
				CLANG_WARN_OBJC_LITERAL_CONVERSION = YES;
				CLANG_WARN_OBJC_ROOT_CLASS = YES_ERROR;
				CLANG_WARN_RANGE_LOOP_ANALYSIS = YES;
				CLANG_WARN_STRICT_PROTOTYPES = YES;
				CLANG_WARN_SUSPICIOUS_MOVE = YES;
				CLANG_WARN_UNGUARDED_AVAILABILITY = YES_AGGRESSIVE;
				CLANG_WARN_UNREACHABLE_CODE = YES;
				CLANG_WARN__DUPLICATE_METHOD_MATCH = YES;
				CODE_SIGN_IDENTITY = "iPhone Developer";
				COPY_PHASE_STRIP = NO;
				DEBUG_INFORMATION_FORMAT = "dwarf-with-dsym";
				ENABLE_NS_ASSERTIONS = NO;
				ENABLE_STRICT_OBJC_MSGSEND = YES;
				GCC_C_LANGUAGE_STANDARD = gnu11;
				GCC_NO_COMMON_BLOCKS = YES;
				GCC_WARN_64_TO_32_BIT_CONVERSION = YES;
				GCC_WARN_ABOUT_RETURN_TYPE = YES_ERROR;
				GCC_WARN_UNDECLARED_SELECTOR = YES;
				GCC_WARN_UNINITIALIZED_AUTOS = YES_AGGRESSIVE;
				GCC_WARN_UNUSED_FUNCTION = YES;
				GCC_WARN_UNUSED_VARIABLE = YES;
				IPHONEOS_DEPLOYMENT_TARGET = 11.0;
				MTL_ENABLE_DEBUG_INFO = NO;
				SDKROOT = iphoneos;
				SWIFT_OPTIMIZATION_LEVEL = "-Owholemodule";
				VALIDATE_PRODUCT = YES;
			};
			name = Release;
		};
		2F82DE0F1F860B800023A8DE /* Debug */ = {
			isa = XCBuildConfiguration;
			buildSettings = {
				ASSETCATALOG_COMPILER_APPICON_NAME = AppIcon;
				CODE_SIGN_STYLE = Automatic;
				DEVELOPMENT_TEAM = 7VV6446NP5;
				INFOPLIST_FILE = "$(SRCROOT)/AR Touch/Info.plist";
				LD_RUNPATH_SEARCH_PATHS = "$(inherited) @executable_path/Frameworks";
				PRODUCT_BUNDLE_IDENTIFIER = "com.E13.AR-Touch";
				PRODUCT_NAME = "$(TARGET_NAME)";
				SWIFT_VERSION = 4.0;
				TARGETED_DEVICE_FAMILY = "1,2";
			};
			name = Debug;
		};
		2F82DE101F860B800023A8DE /* Release */ = {
			isa = XCBuildConfiguration;
			buildSettings = {
				ASSETCATALOG_COMPILER_APPICON_NAME = AppIcon;
				CODE_SIGN_STYLE = Automatic;
				DEVELOPMENT_TEAM = 7VV6446NP5;
				INFOPLIST_FILE = "$(SRCROOT)/AR Touch/Info.plist";
				LD_RUNPATH_SEARCH_PATHS = "$(inherited) @executable_path/Frameworks";
				PRODUCT_BUNDLE_IDENTIFIER = "com.E13.AR-Touch";
				PRODUCT_NAME = "$(TARGET_NAME)";
				SWIFT_VERSION = 4.0;
				TARGETED_DEVICE_FAMILY = "1,2";
			};
			name = Release;
		};
/* End XCBuildConfiguration section */

/* Begin XCConfigurationList section */
		2F82DDF51F860B7F0023A8DE /* Build configuration list for PBXProject "AR Touch" */ = {
			isa = XCConfigurationList;
			buildConfigurations = (
				2F82DE0C1F860B800023A8DE /* Debug */,
				2F82DE0D1F860B800023A8DE /* Release */,
			);
			defaultConfigurationIsVisible = 0;
			defaultConfigurationName = Release;
		};
		2F82DE0E1F860B800023A8DE /* Build configuration list for PBXNativeTarget "AR Touch" */ = {
			isa = XCConfigurationList;
			buildConfigurations = (
				2F82DE0F1F860B800023A8DE /* Debug */,
				2F82DE101F860B800023A8DE /* Release */,
			);
			defaultConfigurationIsVisible = 0;
			defaultConfigurationName = Release;
		};
/* End XCConfigurationList section */
	};
	rootObject = 2F82DDF21F860B7F0023A8DE /* Project object */;
}
